
Microsoft Visual Studio Solution File, Format Version 12.00
# Visual Studio Version 16
VisualStudioVersion = 16.0.30621.155
MinimumVisualStudioVersion = 10.0.40219.1
Project("{FAE04EC0-301F-11D3-BF4B-00C04F79EFBC}") = "Expense-Tracker", "Expense-Tracker.csproj", "{8C26740C-D76F-4C88-A7EE-D4A13E6C1235}"
EndProject
Global
	GlobalSection(SolutionConfigurationPlatforms) = preSolution
		Debug|Any CPU = Debug|Any CPU
		Release|Any CPU = Release|Any CPU
	EndGlobalSection
	GlobalSection(ProjectConfigurationPlatforms) = postSolution
		{8C26740C-D76F-4C88-A7EE-D4A13E6C1235}.Debug|Any CPU.ActiveCfg = Debug|Any CPU
		{8C26740C-D76F-4C88-A7EE-D4A13E6C1235}.Debug|Any CPU.Build.0 = Debug|Any CPU
		{8C26740C-D76F-4C88-A7EE-D4A13E6C1235}.Release|Any CPU.ActiveCfg = Release|Any CPU
		{8C26740C-D76F-4C88-A7EE-D4A13E6C1235}.Release|Any CPU.Build.0 = Release|Any CPU
	EndGlobalSection
	GlobalSection(SolutionProperties) = preSolution
		HideSolutionNode = FALSE
	EndGlobalSection
	GlobalSection(ExtensibilityGlobals) = postSolution
		SolutionGuid = {E7DD1F4B-C9B5-41FA-A065-76C561FE5B48}
	EndGlobalSection
EndGlobal
